
Microsoft Visual Studio Solution File, Format Version 12.00
# Visual Studio Version 17
VisualStudioVersion = 17.2.32616.157
MinimumVisualStudioVersion = 10.0.40219.1
Project("{FAE04EC0-301F-11D3-BF4B-00C04F79EFBC}") = "Metot-Tanimlama", "Metot-Tanimlama.csproj", "{72505D90-E140-4DD6-B9FD-C0720138BC5A}"
EndProject
Global
	GlobalSection(SolutionConfigurationPlatforms) = preSolution
		Debug|Any CPU = Debug|Any CPU
		Release|Any CPU = Release|Any CPU
	EndGlobalSection
	GlobalSection(ProjectConfigurationPlatforms) = postSolution
		{72505D90-E140-4DD6-B9FD-C0720138BC5A}.Debug|Any CPU.ActiveCfg = Debug|Any CPU
		{72505D90-E140-4DD6-B9FD-C0720138BC5A}.Debug|Any CPU.Build.0 = Debug|Any CPU
		{72505D90-E140-4DD6-B9FD-C0720138BC5A}.Release|Any CPU.ActiveCfg = Release|Any CPU
		{72505D90-E140-4DD6-B9FD-C0720138BC5A}.Release|Any CPU.Build.0 = Release|Any CPU
	EndGlobalSection
	GlobalSection(SolutionProperties) = preSolution
		HideSolutionNode = FALSE
	EndGlobalSection
	GlobalSection(ExtensibilityGlobals) = postSolution
		SolutionGuid = {EE650B56-610D-4772-9C5D-2144CE153CC4}
	EndGlobalSection
EndGlobal
